{
  "name": "scraping",
  "version": "1.0.0",
  "lockfileVersion": 1,
  "requires": true,
  "dependencies": {
    "himalaya": {
      "version": "0.2.12",
      "resolved": "https://registry.npmjs.org/himalaya/-/himalaya-0.2.12.tgz",
      "integrity": "sha512-ydxBMxhE9vOyjKtKdxNiQSPKl2cTvup3Gk+Gpa0BKLty84W2JFX9R7n6OXlqxlEdO2j+18QcOzIoRwoqgICo6w==",
      "requires": {
        "paul": "0.0.3"
      }
    },
    "jquery": {
      "version": "3.2.1",
      "resolved": "https://registry.npmjs.org/jquery/-/jquery-3.2.1.tgz",
      "integrity": "sha1-XE2d5lKvbNCncBVKYxu6ErAVx4c="
    },
    "paul": {
      "version": "0.0.3",
      "resolved": "https://registry.npmjs.org/paul/-/paul-0.0.3.tgz",
      "integrity": "sha1-f77zPfaTbAUMt+nADCLL0RC3u08="
    }
  }
}
